
Microsoft Visual Studio Solution File, Format Version 12.00
# Visual Studio Version 16
VisualStudioVersion = 16.0.30204.135
MinimumVisualStudioVersion = 10.0.40219.1
Project("{FAE04EC0-301F-11D3-BF4B-00C04F79EFBC}") = "AdvMasterDetails", "AdvMasterDetails.csproj", "{FDBE693F-459B-46E8-9BE5-2E10D05D1895}"
EndProject
Global
	GlobalSection(SolutionConfigurationPlatforms) = preSolution
		Debug|Any CPU = Debug|Any CPU
		Release|Any CPU = Release|Any CPU
	EndGlobalSection
	GlobalSection(ProjectConfigurationPlatforms) = postSolution
		{FDBE693F-459B-46E8-9BE5-2E10D05D1895}.Debug|Any CPU.ActiveCfg = Debug|Any CPU
		{FDBE693F-459B-46E8-9BE5-2E10D05D1895}.Debug|Any CPU.Build.0 = Debug|Any CPU
		{FDBE693F-459B-46E8-9BE5-2E10D05D1895}.Release|Any CPU.ActiveCfg = Release|Any CPU
		{FDBE693F-459B-46E8-9BE5-2E10D05D1895}.Release|Any CPU.Build.0 = Release|Any CPU
	EndGlobalSection
	GlobalSection(SolutionProperties) = preSolution
		HideSolutionNode = FALSE
	EndGlobalSection
	GlobalSection(ExtensibilityGlobals) = postSolution
		SolutionGuid = {E102FA86-4EC4-4989-9CE5-46854C4B587E}
	EndGlobalSection
EndGlobal
