
Microsoft Visual Studio Solution File, Format Version 12.00
# Visual Studio Version 16
VisualStudioVersion = 16.0.30204.135
MinimumVisualStudioVersion = 10.0.40219.1
Project("{FAE04EC0-301F-11D3-BF4B-00C04F79EFBC}") = "GymManagementSystem", "GymManagementSystem.csproj", "{652D8452-8BCD-40EC-AFC2-46ECE9CF7216}"
EndProject
Global
	GlobalSection(SolutionConfigurationPlatforms) = preSolution
		Debug|Any CPU = Debug|Any CPU
		Release|Any CPU = Release|Any CPU
	EndGlobalSection
	GlobalSection(ProjectConfigurationPlatforms) = postSolution
		{652D8452-8BCD-40EC-AFC2-46ECE9CF7216}.Debug|Any CPU.ActiveCfg = Debug|Any CPU
		{652D8452-8BCD-40EC-AFC2-46ECE9CF7216}.Debug|Any CPU.Build.0 = Debug|Any CPU
		{652D8452-8BCD-40EC-AFC2-46ECE9CF7216}.Release|Any CPU.ActiveCfg = Release|Any CPU
		{652D8452-8BCD-40EC-AFC2-46ECE9CF7216}.Release|Any CPU.Build.0 = Release|Any CPU
	EndGlobalSection
	GlobalSection(SolutionProperties) = preSolution
		HideSolutionNode = FALSE
	EndGlobalSection
	GlobalSection(ExtensibilityGlobals) = postSolution
		SolutionGuid = {940A4678-DA29-49BF-9D31-12F30C3C06AC}
	EndGlobalSection
EndGlobal
