
Microsoft Visual Studio Solution File, Format Version 12.00
# Visual Studio Version 16
VisualStudioVersion = 16.0.30204.135
MinimumVisualStudioVersion = 10.0.40219.1
Project("{FAE04EC0-301F-11D3-BF4B-00C04F79EFBC}") = "StudentDB", "StudentDB.csproj", "{698DA0E7-8189-4669-9E48-1E311DF448E9}"
EndProject
Global
	GlobalSection(SolutionConfigurationPlatforms) = preSolution
		Debug|Any CPU = Debug|Any CPU
		Release|Any CPU = Release|Any CPU
	EndGlobalSection
	GlobalSection(ProjectConfigurationPlatforms) = postSolution
		{698DA0E7-8189-4669-9E48-1E311DF448E9}.Debug|Any CPU.ActiveCfg = Debug|Any CPU
		{698DA0E7-8189-4669-9E48-1E311DF448E9}.Debug|Any CPU.Build.0 = Debug|Any CPU
		{698DA0E7-8189-4669-9E48-1E311DF448E9}.Release|Any CPU.ActiveCfg = Release|Any CPU
		{698DA0E7-8189-4669-9E48-1E311DF448E9}.Release|Any CPU.Build.0 = Release|Any CPU
	EndGlobalSection
	GlobalSection(SolutionProperties) = preSolution
		HideSolutionNode = FALSE
	EndGlobalSection
	GlobalSection(ExtensibilityGlobals) = postSolution
		SolutionGuid = {5730B327-B931-419B-B21B-BF35C9BCAC31}
	EndGlobalSection
EndGlobal
